{
    "_readme": [
        "This file locks the dependencies of your project to a known state",
        "Read more about it at http://getcomposer.org/doc/01-basic-usage.md#composer-lock-the-lock-file",
        "This file is @generated automatically"
    ],
    "hash": "59b150f8547b8600ac5f576d29c60cc2",
    "packages": [
        {
            "name": "kevinlebrun/colors.php",
            "version": "0.3.0",
            "source": {
                "type": "git",
                "url": "https://github.com/kevinlebrun/colors.php.git",
                "reference": "dfb2c59570cb21efa76e175a4238bdb01f9aedc3"
            },
            "dist": {
                "type": "zip",
                "url": "https://api.github.com/repos/kevinlebrun/colors.php/zipball/dfb2c59570cb21efa76e175a4238bdb01f9aedc3",
                "reference": "dfb2c59570cb21efa76e175a4238bdb01f9aedc3",
                "shasum": ""
            },
            "require": {
                "php": ">=5.3.0"
            },
            "require-dev": {
                "phpunit/phpunit": "3.7.*",
                "squizlabs/php_codesniffer": "1.*"
            },
            "type": "library",
            "autoload": {
                "psr-0": {
                    "Colors": "lib/"
                }
            },
            "notification-url": "https://packagist.org/downloads/",
            "license": [
                "MIT"
            ],
            "authors": [
                {
                    "name": "Kevin Le Brun",
                    "email": "lebrun.k@gmail.com",
                    "homepage": "http://kevinlebrun.fr",
                    "role": "developer"
                }
            ],
            "description": "Colors for PHP CLI scripts",
            "homepage": "https://github.com/kevinlebrun/colors.php",
            "keywords": [
                "cli",
                "color",
                "colors",
                "console",
                "shell"
            ],
            "time": "2012-11-29 10:55:36"
        }
    ],
    "packages-dev": [],
    "aliases": [],
    "minimum-stability": "stable",
    "stability-flags": [],
    "platform": [],
    "platform-dev": []
}
